
Microsoft Visual Studio Solution File, Format Version 12.00
# Visual Studio 15
VisualStudioVersion = 15.0.27428.2015
MinimumVisualStudioVersion = 10.0.40219.1
Project("{FAE04EC0-301F-11D3-BF4B-00C04F79EFBC}") = "UTS_Loan_System", "UTS_Loan_System\UTS_Loan_System.csproj", "{E34F80DA-C8C3-42A0-A595-721DDD209C53}"
EndProject
Global
	GlobalSection(SolutionConfigurationPlatforms) = preSolution
		Debug|Any CPU = Debug|Any CPU
		Release|Any CPU = Release|Any CPU
	EndGlobalSection
	GlobalSection(ProjectConfigurationPlatforms) = postSolution
		{E34F80DA-C8C3-42A0-A595-721DDD209C53}.Debug|Any CPU.ActiveCfg = Debug|Any CPU
		{E34F80DA-C8C3-42A0-A595-721DDD209C53}.Debug|Any CPU.Build.0 = Debug|Any CPU
		{E34F80DA-C8C3-42A0-A595-721DDD209C53}.Release|Any CPU.ActiveCfg = Release|Any CPU
		{E34F80DA-C8C3-42A0-A595-721DDD209C53}.Release|Any CPU.Build.0 = Release|Any CPU
	EndGlobalSection
	GlobalSection(SolutionProperties) = preSolution
		HideSolutionNode = FALSE
	EndGlobalSection
	GlobalSection(ExtensibilityGlobals) = postSolution
		SolutionGuid = {68202729-A553-4E5B-A594-A1BF2BDABCD9}
	EndGlobalSection
EndGlobal
